
Microsoft Visual Studio Solution File, Format Version 12.00
# Visual Studio Version 17
VisualStudioVersion = 17.12.35527.113 d17.12
MinimumVisualStudioVersion = 10.0.40219.1
Project("{FAE04EC0-301F-11D3-BF4B-00C04F79EFBC}") = "praktika9", "praktika9.csproj", "{77D48754-63FA-4FD7-A7ED-6AC4AE28E1FB}"
EndProject
Global
	GlobalSection(SolutionConfigurationPlatforms) = preSolution
		Debug|Any CPU = Debug|Any CPU
		Release|Any CPU = Release|Any CPU
	EndGlobalSection
	GlobalSection(ProjectConfigurationPlatforms) = postSolution
		{77D48754-63FA-4FD7-A7ED-6AC4AE28E1FB}.Debug|Any CPU.ActiveCfg = Debug|Any CPU
		{77D48754-63FA-4FD7-A7ED-6AC4AE28E1FB}.Debug|Any CPU.Build.0 = Debug|Any CPU
		{77D48754-63FA-4FD7-A7ED-6AC4AE28E1FB}.Release|Any CPU.ActiveCfg = Release|Any CPU
		{77D48754-63FA-4FD7-A7ED-6AC4AE28E1FB}.Release|Any CPU.Build.0 = Release|Any CPU
	EndGlobalSection
	GlobalSection(SolutionProperties) = preSolution
		HideSolutionNode = FALSE
	EndGlobalSection
EndGlobal
